
Microsoft Visual Studio Solution File, Format Version 12.00
# Visual Studio 15
VisualStudioVersion = 15.0.27004.2009
MinimumVisualStudioVersion = 10.0.40219.1
Project("{FAE04EC0-301F-11D3-BF4B-00C04F79EFBC}") = "rateApp.Android", "rateApp\rateApp.Android\rateApp.Android.csproj", "{1320E7B7-8BE6-4BCB-BFB1-9197ECC09B17}"
EndProject
Project("{FAE04EC0-301F-11D3-BF4B-00C04F79EFBC}") = "rateApp", "rateApp\rateApp\rateApp.csproj", "{E5F6E140-42BE-47E6-B033-2B60A93108C0}"
EndProject
Project("{FAE04EC0-301F-11D3-BF4B-00C04F79EFBC}") = "rateApp.iOS", "rateApp\rateApp.iOS\rateApp.iOS.csproj", "{5CFEBA07-BD38-436B-B41A-0CCDEC8405F2}"
EndProject
Global
	GlobalSection(SolutionConfigurationPlatforms) = preSolution
		Ad-Hoc|Any CPU = Ad-Hoc|Any CPU
		Ad-Hoc|iPhone = Ad-Hoc|iPhone
		Ad-Hoc|iPhoneSimulator = Ad-Hoc|iPhoneSimulator
		AppStore|Any CPU = AppStore|Any CPU
		AppStore|iPhone = AppStore|iPhone
		AppStore|iPhoneSimulator = AppStore|iPhoneSimulator
		Debug|Any CPU = Debug|Any CPU
		Debug|iPhone = Debug|iPhone
		Debug|iPhoneSimulator = Debug|iPhoneSimulator
		Release|Any CPU = Release|Any CPU
		Release|iPhone = Release|iPhone
		Release|iPhoneSimulator = Release|iPhoneSimulator
	EndGlobalSection
	GlobalSection(ProjectConfigurationPlatforms) = postSolution
		{1320E7B7-8BE6-4BCB-BFB1-9197ECC09B17}.Ad-Hoc|Any CPU.ActiveCfg = Release|Any CPU
		{1320E7B7-8BE6-4BCB-BFB1-9197ECC09B17}.Ad-Hoc|Any CPU.Build.0 = Release|Any CPU
		{1320E7B7-8BE6-4BCB-BFB1-9197ECC09B17}.Ad-Hoc|Any CPU.Deploy.0 = Release|Any CPU
		{1320E7B7-8BE6-4BCB-BFB1-9197ECC09B17}.Ad-Hoc|iPhone.ActiveCfg = Release|Any CPU
		{1320E7B7-8BE6-4BCB-BFB1-9197ECC09B17}.Ad-Hoc|iPhone.Build.0 = Release|Any CPU
		{1320E7B7-8BE6-4BCB-BFB1-9197ECC09B17}.Ad-Hoc|iPhone.Deploy.0 = Release|Any CPU
		{1320E7B7-8BE6-4BCB-BFB1-9197ECC09B17}.Ad-Hoc|iPhoneSimulator.ActiveCfg = Release|Any CPU
		{1320E7B7-8BE6-4BCB-BFB1-9197ECC09B17}.Ad-Hoc|iPhoneSimulator.Build.0 = Release|Any CPU
		{1320E7B7-8BE6-4BCB-BFB1-9197ECC09B17}.Ad-Hoc|iPhoneSimulator.Deploy.0 = Release|Any CPU
		{1320E7B7-8BE6-4BCB-BFB1-9197ECC09B17}.AppStore|Any CPU.ActiveCfg = Release|Any CPU
		{1320E7B7-8BE6-4BCB-BFB1-9197ECC09B17}.AppStore|Any CPU.Build.0 = Release|Any CPU
		{1320E7B7-8BE6-4BCB-BFB1-9197ECC09B17}.AppStore|Any CPU.Deploy.0 = Release|Any CPU
		{1320E7B7-8BE6-4BCB-BFB1-9197ECC09B17}.AppStore|iPhone.ActiveCfg = Release|Any CPU
		{1320E7B7-8BE6-4BCB-BFB1-9197ECC09B17}.AppStore|iPhone.Build.0 = Release|Any CPU
		{1320E7B7-8BE6-4BCB-BFB1-9197ECC09B17}.AppStore|iPhone.Deploy.0 = Release|Any CPU
		{1320E7B7-8BE6-4BCB-BFB1-9197ECC09B17}.AppStore|iPhoneSimulator.ActiveCfg = Release|Any CPU
		{1320E7B7-8BE6-4BCB-BFB1-9197ECC09B17}.AppStore|iPhoneSimulator.Build.0 = Release|Any CPU
		{1320E7B7-8BE6-4BCB-BFB1-9197ECC09B17}.AppStore|iPhoneSimulator.Deploy.0 = Release|Any CPU
		{1320E7B7-8BE6-4BCB-BFB1-9197ECC09B17}.Debug|Any CPU.ActiveCfg = Debug|Any CPU
		{1320E7B7-8BE6-4BCB-BFB1-9197ECC09B17}.Debug|Any CPU.Build.0 = Debug|Any CPU
		{1320E7B7-8BE6-4BCB-BFB1-9197ECC09B17}.Debug|Any CPU.Deploy.0 = Debug|Any CPU
		{1320E7B7-8BE6-4BCB-BFB1-9197ECC09B17}.Debug|iPhone.ActiveCfg = Debug|Any CPU
		{1320E7B7-8BE6-4BCB-BFB1-9197ECC09B17}.Debug|iPhone.Build.0 = Debug|Any CPU
		{1320E7B7-8BE6-4BCB-BFB1-9197ECC09B17}.Debug|iPhone.Deploy.0 = Debug|Any CPU
		{1320E7B7-8BE6-4BCB-BFB1-9197ECC09B17}.Debug|iPhoneSimulator.ActiveCfg = Debug|Any CPU
		{1320E7B7-8BE6-4BCB-BFB1-9197ECC09B17}.Debug|iPhoneSimulator.Build.0 = Debug|Any CPU
		{1320E7B7-8BE6-4BCB-BFB1-9197ECC09B17}.Debug|iPhoneSimulator.Deploy.0 = Debug|Any CPU
		{1320E7B7-8BE6-4BCB-BFB1-9197ECC09B17}.Release|Any CPU.ActiveCfg = Release|Any CPU
		{1320E7B7-8BE6-4BCB-BFB1-9197ECC09B17}.Release|Any CPU.Build.0 = Release|Any CPU
		{1320E7B7-8BE6-4BCB-BFB1-9197ECC09B17}.Release|Any CPU.Deploy.0 = Release|Any CPU
		{1320E7B7-8BE6-4BCB-BFB1-9197ECC09B17}.Release|iPhone.ActiveCfg = Release|Any CPU
		{1320E7B7-8BE6-4BCB-BFB1-9197ECC09B17}.Release|iPhone.Build.0 = Release|Any CPU
		{1320E7B7-8BE6-4BCB-BFB1-9197ECC09B17}.Release|iPhone.Deploy.0 = Release|Any CPU
		{1320E7B7-8BE6-4BCB-BFB1-9197ECC09B17}.Release|iPhoneSimulator.ActiveCfg = Release|Any CPU
		{1320E7B7-8BE6-4BCB-BFB1-9197ECC09B17}.Release|iPhoneSimulator.Build.0 = Release|Any CPU
		{1320E7B7-8BE6-4BCB-BFB1-9197ECC09B17}.Release|iPhoneSimulator.Deploy.0 = Release|Any CPU
		{E5F6E140-42BE-47E6-B033-2B60A93108C0}.Ad-Hoc|Any CPU.ActiveCfg = Release|Any CPU
		{E5F6E140-42BE-47E6-B033-2B60A93108C0}.Ad-Hoc|Any CPU.Build.0 = Release|Any CPU
		{E5F6E140-42BE-47E6-B033-2B60A93108C0}.Ad-Hoc|iPhone.ActiveCfg = Release|Any CPU
		{E5F6E140-42BE-47E6-B033-2B60A93108C0}.Ad-Hoc|iPhone.Build.0 = Release|Any CPU
		{E5F6E140-42BE-47E6-B033-2B60A93108C0}.Ad-Hoc|iPhoneSimulator.ActiveCfg = Release|Any CPU
		{E5F6E140-42BE-47E6-B033-2B60A93108C0}.Ad-Hoc|iPhoneSimulator.Build.0 = Release|Any CPU
		{E5F6E140-42BE-47E6-B033-2B60A93108C0}.AppStore|Any CPU.ActiveCfg = Release|Any CPU
		{E5F6E140-42BE-47E6-B033-2B60A93108C0}.AppStore|Any CPU.Build.0 = Release|Any CPU
		{E5F6E140-42BE-47E6-B033-2B60A93108C0}.AppStore|iPhone.ActiveCfg = Release|Any CPU
		{E5F6E140-42BE-47E6-B033-2B60A93108C0}.AppStore|iPhone.Build.0 = Release|Any CPU
		{E5F6E140-42BE-47E6-B033-2B60A93108C0}.AppStore|iPhoneSimulator.ActiveCfg = Release|Any CPU
		{E5F6E140-42BE-47E6-B033-2B60A93108C0}.AppStore|iPhoneSimulator.Build.0 = Release|Any CPU
		{E5F6E140-42BE-47E6-B033-2B60A93108C0}.Debug|Any CPU.ActiveCfg = Debug|Any CPU
		{E5F6E140-42BE-47E6-B033-2B60A93108C0}.Debug|Any CPU.Build.0 = Debug|Any CPU
		{E5F6E140-42BE-47E6-B033-2B60A93108C0}.Debug|iPhone.ActiveCfg = Debug|Any CPU
		{E5F6E140-42BE-47E6-B033-2B60A93108C0}.Debug|iPhone.Build.0 = Debug|Any CPU
		{E5F6E140-42BE-47E6-B033-2B60A93108C0}.Debug|iPhoneSimulator.ActiveCfg = Debug|Any CPU
		{E5F6E140-42BE-47E6-B033-2B60A93108C0}.Debug|iPhoneSimulator.Build.0 = Debug|Any CPU
		{E5F6E140-42BE-47E6-B033-2B60A93108C0}.Release|Any CPU.ActiveCfg = Release|Any CPU
		{E5F6E140-42BE-47E6-B033-2B60A93108C0}.Release|Any CPU.Build.0 = Release|Any CPU
		{E5F6E140-42BE-47E6-B033-2B60A93108C0}.Release|iPhone.ActiveCfg = Release|Any CPU
		{E5F6E140-42BE-47E6-B033-2B60A93108C0}.Release|iPhone.Build.0 = Release|Any CPU
		{E5F6E140-42BE-47E6-B033-2B60A93108C0}.Release|iPhoneSimulator.ActiveCfg = Release|Any CPU
		{E5F6E140-42BE-47E6-B033-2B60A93108C0}.Release|iPhoneSimulator.Build.0 = Release|Any CPU
		{5CFEBA07-BD38-436B-B41A-0CCDEC8405F2}.Ad-Hoc|Any CPU.ActiveCfg = Ad-Hoc|iPhoneSimulator
		{5CFEBA07-BD38-436B-B41A-0CCDEC8405F2}.Ad-Hoc|iPhone.ActiveCfg = Ad-Hoc|iPhone
		{5CFEBA07-BD38-436B-B41A-0CCDEC8405F2}.Ad-Hoc|iPhone.Build.0 = Ad-Hoc|iPhone
		{5CFEBA07-BD38-436B-B41A-0CCDEC8405F2}.Ad-Hoc|iPhoneSimulator.ActiveCfg = Ad-Hoc|iPhoneSimulator
		{5CFEBA07-BD38-436B-B41A-0CCDEC8405F2}.Ad-Hoc|iPhoneSimulator.Build.0 = Ad-Hoc|iPhoneSimulator
		{5CFEBA07-BD38-436B-B41A-0CCDEC8405F2}.AppStore|Any CPU.ActiveCfg = AppStore|iPhoneSimulator
		{5CFEBA07-BD38-436B-B41A-0CCDEC8405F2}.AppStore|iPhone.ActiveCfg = AppStore|iPhone
		{5CFEBA07-BD38-436B-B41A-0CCDEC8405F2}.AppStore|iPhone.Build.0 = AppStore|iPhone
		{5CFEBA07-BD38-436B-B41A-0CCDEC8405F2}.AppStore|iPhoneSimulator.ActiveCfg = AppStore|iPhoneSimulator
		{5CFEBA07-BD38-436B-B41A-0CCDEC8405F2}.AppStore|iPhoneSimulator.Build.0 = AppStore|iPhoneSimulator
		{5CFEBA07-BD38-436B-B41A-0CCDEC8405F2}.Debug|Any CPU.ActiveCfg = Debug|iPhoneSimulator
		{5CFEBA07-BD38-436B-B41A-0CCDEC8405F2}.Debug|iPhone.ActiveCfg = Debug|iPhone
		{5CFEBA07-BD38-436B-B41A-0CCDEC8405F2}.Debug|iPhone.Build.0 = Debug|iPhone
		{5CFEBA07-BD38-436B-B41A-0CCDEC8405F2}.Debug|iPhoneSimulator.ActiveCfg = Debug|iPhoneSimulator
		{5CFEBA07-BD38-436B-B41A-0CCDEC8405F2}.Debug|iPhoneSimulator.Build.0 = Debug|iPhoneSimulator
		{5CFEBA07-BD38-436B-B41A-0CCDEC8405F2}.Release|Any CPU.ActiveCfg = Release|iPhoneSimulator
		{5CFEBA07-BD38-436B-B41A-0CCDEC8405F2}.Release|iPhone.ActiveCfg = Release|iPhone
		{5CFEBA07-BD38-436B-B41A-0CCDEC8405F2}.Release|iPhone.Build.0 = Release|iPhone
		{5CFEBA07-BD38-436B-B41A-0CCDEC8405F2}.Release|iPhoneSimulator.ActiveCfg = Release|iPhoneSimulator
		{5CFEBA07-BD38-436B-B41A-0CCDEC8405F2}.Release|iPhoneSimulator.Build.0 = Release|iPhoneSimulator
	EndGlobalSection
	GlobalSection(SolutionProperties) = preSolution
		HideSolutionNode = FALSE
	EndGlobalSection
	GlobalSection(ExtensibilityGlobals) = postSolution
		SolutionGuid = {C8AF89C9-9697-4903-9840-AED86B12A70F}
	EndGlobalSection
EndGlobal
